Microsoft Visual Studio Solution File, Format Version 12.00
# Visual Studio Version 17
VisualStudioVersion = 17.5.2.0
MinimumVisualStudioVersion = 10.0.40219.1
Project("{FAE04EC0-301F-11D3-BF4B-00C04F79EFBC}") = "TSP_AntColony", "TSP_AntColony.csproj", "{D67FBA65-6511-1C97-D789-C4E86CCE2A68}"
EndProject
Global
	GlobalSection(SolutionConfigurationPlatforms) = preSolution
		Debug|Any CPU = Debug|Any CPU
		Release|Any CPU = Release|Any CPU
	EndGlobalSection
	GlobalSection(ProjectConfigurationPlatforms) = postSolution
		{D67FBA65-6511-1C97-D789-C4E86CCE2A68}.Debug|Any CPU.ActiveCfg = Debug|Any CPU
		{D67FBA65-6511-1C97-D789-C4E86CCE2A68}.Debug|Any CPU.Build.0 = Debug|Any CPU
		{D67FBA65-6511-1C97-D789-C4E86CCE2A68}.Release|Any CPU.ActiveCfg = Release|Any CPU
		{D67FBA65-6511-1C97-D789-C4E86CCE2A68}.Release|Any CPU.Build.0 = Release|Any CPU
	EndGlobalSection
	GlobalSection(SolutionProperties) = preSolution
		HideSolutionNode = FALSE
	EndGlobalSection
	GlobalSection(ExtensibilityGlobals) = postSolution
		SolutionGuid = {4C29D620-CAAD-4B06-BA12-D0B7FF63DF5B}
	EndGlobalSection
EndGlobal
